
Microsoft Visual Studio Solution File, Format Version 12.00
# Visual Studio Version 16
VisualStudioVersion = 16.0.30804.86
MinimumVisualStudioVersion = 10.0.40219.1
Project("{FAE04EC0-301F-11D3-BF4B-00C04F79EFBC}") = "AOPFramework", "AOPFramework\AOPFramework.csproj", "{B7524785-707F-4EA4-95E0-9511499FD7C6}"
EndProject
Global
	GlobalSection(SolutionConfigurationPlatforms) = preSolution
		Debug|Any CPU = Debug|Any CPU
		INT1|Any CPU = INT1|Any CPU
		Release|Any CPU = Release|Any CPU
	EndGlobalSection
	GlobalSection(ProjectConfigurationPlatforms) = postSolution
		{B7524785-707F-4EA4-95E0-9511499FD7C6}.Debug|Any CPU.ActiveCfg = Debug|Any CPU
		{B7524785-707F-4EA4-95E0-9511499FD7C6}.Debug|Any CPU.Build.0 = Debug|Any CPU
		{B7524785-707F-4EA4-95E0-9511499FD7C6}.INT1|Any CPU.ActiveCfg = INT1|Any CPU
		{B7524785-707F-4EA4-95E0-9511499FD7C6}.INT1|Any CPU.Build.0 = INT1|Any CPU
		{B7524785-707F-4EA4-95E0-9511499FD7C6}.Release|Any CPU.ActiveCfg = Release|Any CPU
		{B7524785-707F-4EA4-95E0-9511499FD7C6}.Release|Any CPU.Build.0 = Release|Any CPU
	EndGlobalSection
	GlobalSection(SolutionProperties) = preSolution
		HideSolutionNode = FALSE
	EndGlobalSection
	GlobalSection(ExtensibilityGlobals) = postSolution
		SolutionGuid = {4BC96B5C-3594-476D-BFDC-C4D311DE1493}
	EndGlobalSection
EndGlobal
